{
  "name": "hello-world",
  "version": "1.0.0",
  "lockfileVersion": 1,
  "requires": true,
  "dependencies": {
    "@microsoft/microsoft-graph-client": {
      "version": "1.7.0",
      "resolved": "https://registry.npmjs.org/@microsoft/microsoft-graph-client/-/microsoft-graph-client-1.7.0.tgz",
      "integrity": "sha512-+XT4t7MogOnsdXRFUe4ekPE5QbpKvW3M/fgacmj6azw4knNJ3MaricngB/BRBmgDnJ9ZOqwGnJUb/tJ3ipqGCA==",
      "requires": {
        "es6-promise": "^4.2.6",
        "isomorphic-fetch": "^2.2.1",
        "tslib": "^1.9.3"
      }
    },
    "ask-sdk-core": {
      "version": "2.5.2",
      "resolved": "https://registry.npmjs.org/ask-sdk-core/-/ask-sdk-core-2.5.2.tgz",
      "integrity": "sha512-nMIAs+jsAJEpsvOAP6C8tSuZC+kr17NbGRbk78P1PWovSdlhkhH3EJVeFkkVfxWEIX6mOOf94mC/q8FcCyzyfA==",
      "requires": {
        "ask-sdk-runtime": "^2.4.0"
      }
    },
    "ask-sdk-model": {
      "version": "1.15.1",
      "resolved": "https://registry.npmjs.org/ask-sdk-model/-/ask-sdk-model-1.15.1.tgz",
      "integrity": "sha512-WgTrGc2MB1f/wdOkt6M2mVVRQ0D8r42fjUyva63eVqT4+vV100zgvCM7gKhrCLWu7Fj320MnXyCYk/Tqrmrg0w=="
    },
    "ask-sdk-runtime": {
      "version": "2.4.0",
      "resolved": "https://registry.npmjs.org/ask-sdk-runtime/-/ask-sdk-runtime-2.4.0.tgz",
      "integrity": "sha512-NiTXGeljx3wV9GIbwOvYc3EKPLTR1ZVoJBGNNyoAwg89v1L/hZgg5p3rJM0YJfIqw6HJUHJbtdJsRIHtkscxRA=="
    },
    "encoding": {
      "version": "0.1.12",
      "resolved": "https://registry.npmjs.org/encoding/-/encoding-0.1.12.tgz",
      "integrity": "sha1-U4tm8+5izRq1HsMjgp0flIDHS+s=",
      "requires": {
        "iconv-lite": "~0.4.13"
      }
    },
    "es6-promise": {
      "version": "4.2.6",
      "resolved": "https://registry.npmjs.org/es6-promise/-/es6-promise-4.2.6.tgz",
      "integrity": "sha512-aRVgGdnmW2OiySVPUC9e6m+plolMAJKjZnQlCwNSuK5yQ0JN61DZSO1X1Ufd1foqWRAlig0rhduTCHe7sVtK5Q=="
    },
    "iconv-lite": {
      "version": "0.4.24",
      "resolved": "https://registry.npmjs.org/iconv-lite/-/iconv-lite-0.4.24.tgz",
      "integrity": "sha512-v3MXnZAcvnywkTUEZomIActle7RXXeedOR31wwl7VlyoXO4Qi9arvSenNQWne1TcRwhCL1HwLI21bEqdpj8/rA==",
      "requires": {
        "safer-buffer": ">= 2.1.2 < 3"
      }
    },
    "is-stream": {
      "version": "1.1.0",
      "resolved": "https://registry.npmjs.org/is-stream/-/is-stream-1.1.0.tgz",
      "integrity": "sha1-EtSj3U5o4Lec6428hBc66A2RykQ="
    },
    "isomorphic-fetch": {
      "version": "2.2.1",
      "resolved": "https://registry.npmjs.org/isomorphic-fetch/-/isomorphic-fetch-2.2.1.tgz",
      "integrity": "sha1-YRrhrPFPXoH3KVB0coGf6XM1WKk=",
      "requires": {
        "node-fetch": "^1.0.1",
        "whatwg-fetch": ">=0.10.0"
      }
    },
    "moment": {
      "version": "2.24.0",
      "resolved": "https://registry.npmjs.org/moment/-/moment-2.24.0.tgz",
      "integrity": "sha512-bV7f+6l2QigeBBZSM/6yTNq4P2fNpSWj/0e7jQcy87A8e7o2nAfP/34/2ky5Vw4B9S446EtIhodAzkFCcR4dQg=="
    },
    "node-fetch": {
      "version": "1.7.3",
      "resolved": "https://registry.npmjs.org/node-fetch/-/node-fetch-1.7.3.tgz",
      "integrity": "sha512-NhZ4CsKx7cYm2vSrBAr2PvFOe6sWDf0UYLRqA6svUYg7+/TSfVAu49jYC4BvQ4Sms9SZgdqGBgroqfDhJdTyKQ==",
      "requires": {
        "encoding": "^0.1.11",
        "is-stream": "^1.0.1"
      }
    },
    "safer-buffer": {
      "version": "2.1.2",
      "resolved": "https://registry.npmjs.org/safer-buffer/-/safer-buffer-2.1.2.tgz",
      "integrity": "sha512-YZo3K82SD7Riyi0E1EQPojLz7kpepnSQI9IyPbHHg1XXXevb5dJI7tpyN2ADxGcQbHG7vcyRHk0cbwqcQriUtg=="
    },
    "tslib": {
      "version": "1.9.3",
      "resolved": "https://registry.npmjs.org/tslib/-/tslib-1.9.3.tgz",
      "integrity": "sha512-4krF8scpejhaOgqzBEcGM7yDIEfi0/8+8zDRZhNZZ2kjmHJ4hv3zCbQWxoJGz1iw5U0Jl0nma13xzHXcncMavQ=="
    },
    "whatwg-fetch": {
      "version": "3.0.0",
      "resolved": "https://registry.npmjs.org/whatwg-fetch/-/whatwg-fetch-3.0.0.tgz",
      "integrity": "sha512-9GSJUgz1D4MfyKU7KRqwOjXCXTqWdFNvEr7eUBYchQiVc744mqK/MzXPNR2WsPkmkOa4ywfg8C2n8h+13Bey1Q=="
    }
  }
}
